# THIS IS AN AUTOGENERATED FILE. DO NOT EDIT THIS FILE DIRECTLY.
# yarn lockfile v1


openzeppelin-solidity@^2.0.0:
  version "2.0.0"
  resolved "https://registry.yarnpkg.com/openzeppelin-solidity/-/openzeppelin-solidity-2.0.0.tgz#b45dddbdae090f89577598c1a7e7518df61b7ba2"
  integrity sha512-SolpxQFArtiYnlSNg3dZ9sz0WVlKtPqSOcJkXRllaZp4+Lpfqz3vxF0yoh7g75TszKPyadqoJmU7+GM/vwh9SA==
